// !$*UTF8*$!
{
	archiveVersion = 1;
	classes = {
	};
	objectVersion = 46;
	objects = {

/* Begin PBXBuildFile section */
		181D5C1725F3524A00533D7B /* CorePlot.framework in Frameworks */ = {isa = PBXBuildFile; fileRef = 181D5C1525F3524A00533D7B /* CorePlot.framework */; };
		181D5C2125F354CD00533D7B /* CorePlot.framework in Frameworks */ = {isa = PBXBuildFile; fileRef = 181D5C1525F3524A00533D7B /* CorePlot.framework */; };
		181D5C2225F354CD00533D7B /* CorePlot.framework in CopyFiles */ = {isa = PBXBuildFile; fileRef = 181D5C1525F3524A00533D7B /* CorePlot.framework */; settings = {ATTRIBUTES = (CodeSignOnCopy, RemoveHeadersOnCopy, ); }; };
		501FF8F51A27A3960013493A /* QuartzCore.framework in Frameworks */ = {isa = PBXBuildFile; fileRef = 501FF8F41A27A3960013493A /* QuartzCore.framework */; };
		503162F422C69FAF0044907E /* SettingsViewController.m in Sources */ = {isa = PBXBuildFile; fileRef = 503162F222C69FAF0044907E /* SettingsViewController.m */; };
		503162F522C69FAF0044907E /* SettingsViewController.xib in Resources */ = {isa = PBXBuildFile; fileRef = 503162F322C69FAF0044907E /* SettingsViewController.xib */; };
		503162F822C6B6230044907E /* KeystatsSettings.m in Sources */ = {isa = PBXBuildFile; fileRef = 503162F722C6B6230044907E /* KeystatsSettings.m */; };
		504A311818164C0400BE4841 /* Cocoa.framework in Frameworks */ = {isa = PBXBuildFile; fileRef = 504A311718164C0400BE4841 /* Cocoa.framework */; settings = {ATTRIBUTES = (Required, ); }; };
		504A312218164C0400BE4841 /* InfoPlist.strings in Resources */ = {isa = PBXBuildFile; fileRef = 504A312018164C0400BE4841 /* InfoPlist.strings */; };
		504A312418164C0400BE4841 /* main.m in Sources */ = {isa = PBXBuildFile; fileRef = 504A312318164C0400BE4841 /* main.m */; };
		504A312818164C0400BE4841 /* Credits.rtf in Resources */ = {isa = PBXBuildFile; fileRef = 504A312618164C0400BE4841 /* Credits.rtf */; };
		504A312B18164C0400BE4841 /* AppDelegate.m in Sources */ = {isa = PBXBuildFile; fileRef = 504A312A18164C0400BE4841 /* AppDelegate.m */; };
		504A313018164C0400BE4841 /* Images.xcassets in Resources */ = {isa = PBXBuildFile; fileRef = 504A312F18164C0400BE4841 /* Images.xcassets */; };
		504A315618164C3500BE4841 /* FMDatabase.m in Sources */ = {isa = PBXBuildFile; fileRef = 504A314D18164C3500BE4841 /* FMDatabase.m */; };
		504A315718164C3500BE4841 /* FMDatabaseAdditions.m in Sources */ = {isa = PBXBuildFile; fileRef = 504A314F18164C3500BE4841 /* FMDatabaseAdditions.m */; };
		504A315818164C3500BE4841 /* FMDatabasePool.m in Sources */ = {isa = PBXBuildFile; fileRef = 504A315118164C3500BE4841 /* FMDatabasePool.m */; };
		504A315918164C3500BE4841 /* FMDatabaseQueue.m in Sources */ = {isa = PBXBuildFile; fileRef = 504A315318164C3500BE4841 /* FMDatabaseQueue.m */; };
		504A315A18164C3500BE4841 /* FMResultSet.m in Sources */ = {isa = PBXBuildFile; fileRef = 504A315518164C3500BE4841 /* FMResultSet.m */; };
		504A316018164C7200BE4841 /* keystrokes in Resources */ = {isa = PBXBuildFile; fileRef = 504A315F18164C7200BE4841 /* keystrokes */; };
		504A316218164C9700BE4841 /* Carbon.framework in Frameworks */ = {isa = PBXBuildFile; fileRef = 504A316118164C9700BE4841 /* Carbon.framework */; };
		505E323D181D530000FD6CDF /* YVBKeyLogger.m in Sources */ = {isa = PBXBuildFile; fileRef = 505E323C181D530000FD6CDF /* YVBKeyLogger.m */; };
		508A3FC31AA19FA600EC872F /* NSDate+Utilities.m in Sources */ = {isa = PBXBuildFile; fileRef = 508A3FC21AA19FA600EC872F /* NSDate+Utilities.m */; };
		50937AAC18223755000F1685 /* YVBKeystrokesDataManager.m in Sources */ = {isa = PBXBuildFile; fileRef = 50937AAB18223755000F1685 /* YVBKeystrokesDataManager.m */; };
		509B87721A33114D00CEE098 /* MainMenu.xib in Resources */ = {isa = PBXBuildFile; fileRef = 504A312C18164C0400BE4841 /* MainMenu.xib */; };
		50A5F180186EA7C600C9A994 /* YVBDailyExecutor.m in Sources */ = {isa = PBXBuildFile; fileRef = 50A5F17F186EA7C600C9A994 /* YVBDailyExecutor.m */; };
		50C386F71AA4164E001497B3 /* KeystatsTests.m in Sources */ = {isa = PBXBuildFile; fileRef = 50C386F61AA4164E001497B3 /* KeystatsTests.m */; };
		50C386FD1AA4166A001497B3 /* YVBKeystrokesDataManagerTests.m in Sources */ = {isa = PBXBuildFile; fileRef = 5039F2F71870D65200D73FBB /* YVBKeystrokesDataManagerTests.m */; };
		50C386FF1AA41816001497B3 /* YVBUtilitesTests.m in Sources */ = {isa = PBXBuildFile; fileRef = 50C386FE1AA41816001497B3 /* YVBUtilitesTests.m */; };
		50C387021AA41875001497B3 /* YVBUtilities.m in Sources */ = {isa = PBXBuildFile; fileRef = 50C387011AA41875001497B3 /* YVBUtilities.m */; };
		50C387031AA45269001497B3 /* FMDatabase.m in Sources */ = {isa = PBXBuildFile; fileRef = 504A314D18164C3500BE4841 /* FMDatabase.m */; };
		50C387041AA45269001497B3 /* FMDatabaseAdditions.m in Sources */ = {isa = PBXBuildFile; fileRef = 504A314F18164C3500BE4841 /* FMDatabaseAdditions.m */; };
		50C387051AA45269001497B3 /* FMDatabasePool.m in Sources */ = {isa = PBXBuildFile; fileRef = 504A315118164C3500BE4841 /* FMDatabasePool.m */; };
		50C387061AA45269001497B3 /* FMDatabaseQueue.m in Sources */ = {isa = PBXBuildFile; fileRef = 504A315318164C3500BE4841 /* FMDatabaseQueue.m */; };
		50C387071AA45269001497B3 /* FMResultSet.m in Sources */ = {isa = PBXBuildFile; fileRef = 504A315518164C3500BE4841 /* FMResultSet.m */; };
		50C3870A1AA45286001497B3 /* YVBUtilities.m in Sources */ = {isa = PBXBuildFile; fileRef = 50C387011AA41875001497B3 /* YVBUtilities.m */; };
		50C3870B1AA45294001497B3 /* YVBKeystrokesDataManager.m in Sources */ = {isa = PBXBuildFile; fileRef = 50937AAB18223755000F1685 /* YVBKeystrokesDataManager.m */; };
		50E73464186F76F80031095F /* Keystats.iconset in Resources */ = {isa = PBXBuildFile; fileRef = 50E73463186F76F80031095F /* Keystats.iconset */; };
		50E9A0C8187D1DA90085ECBB /* YVBKeystrokesSummaryViewController.m in Sources */ = {isa = PBXBuildFile; fileRef = 50E9A0C7187D1DA90085ECBB /* YVBKeystrokesSummaryViewController.m */; };
		50E9A0CA187D25F70085ECBB /* YVBKeystrokesSummaryView.xib in Resources */ = {isa = PBXBuildFile; fileRef = 50E9A0C9187D25F70085ECBB /* YVBKeystrokesSummaryView.xib */; };
/* End PBXBuildFile section */

/* Begin PBXContainerItemProxy section */
		50C386F81AA4164E001497B3 /* PBXContainerItemProxy */ = {
			isa = PBXContainerItemProxy;
			containerPortal = 504A310C18164C0400BE4841 /* Project object */;
			proxyType = 1;
			remoteGlobalIDString = 504A311318164C0400BE4841;
			remoteInfo = Keystats;
		};
/* End PBXContainerItemProxy section */

/* Begin PBXCopyFilesBuildPhase section */
		506022611A2A5EA40006C9F9 /* CopyFiles */ = {
			isa = PBXCopyFilesBuildPhase;
			buildActionMask = 2147483647;
			dstPath = "";
			dstSubfolderSpec = 10;
			files = (
				181D5C2225F354CD00533D7B /* CorePlot.framework in CopyFiles */,
			);
			runOnlyForDeploymentPostprocessing = 0;
		};
/* End PBXCopyFilesBuildPhase section */

/* Begin PBXFileReference section */
		181D5C1525F3524A00533D7B /* CorePlot.framework */ = {isa = PBXFileReference; lastKnownFileType = wrapper.framework; path = CorePlot.framework; sourceTree = "<group>"; };
		501FF8F41A27A3960013493A /* QuartzCore.framework */ = {isa = PBXFileReference; lastKnownFileType = wrapper.framework; name = QuartzCore.framework; path = System/Library/Frameworks/QuartzCore.framework; sourceTree = SDKROOT; };
		503162F122C69FAF0044907E /* SettingsViewController.h */ = {isa = PBXFileReference; lastKnownFileType = sourcecode.c.h; path = SettingsViewController.h; sourceTree = "<group>"; };
		503162F222C69FAF0044907E /* SettingsViewController.m */ = {isa = PBXFileReference; lastKnownFileType = sourcecode.c.objc; path = SettingsViewController.m; sourceTree = "<group>"; };
		503162F322C69FAF0044907E /* SettingsViewController.xib */ = {isa = PBXFileReference; lastKnownFileType = file.xib; path = SettingsViewController.xib; sourceTree = "<group>"; };
		503162F622C6B6230044907E /* KeystatsSettings.h */ = {isa = PBXFileReference; lastKnownFileType = sourcecode.c.h; path = KeystatsSettings.h; sourceTree = "<group>"; };
		503162F722C6B6230044907E /* KeystatsSettings.m */ = {isa = PBXFileReference; lastKnownFileType = sourcecode.c.objc; path = KeystatsSettings.m; sourceTree = "<group>"; };
		5039F2F71870D65200D73FBB /* YVBKeystrokesDataManagerTests.m */ = {isa = PBXFileReference; fileEncoding = 4; lastKnownFileType = sourcecode.c.objc; path = YVBKeystrokesDataManagerTests.m; sourceTree = "<group>"; };
		504A311418164C0400BE4841 /* Keystats.app */ = {isa = PBXFileReference; explicitFileType = wrapper.application; includeInIndex = 0; path = Keystats.app; sourceTree = BUILT_PRODUCTS_DIR; };
		504A311718164C0400BE4841 /* Cocoa.framework */ = {isa = PBXFileReference; lastKnownFileType = wrapper.framework; name = Cocoa.framework; path = System/Library/Frameworks/Cocoa.framework; sourceTree = SDKROOT; };
		504A311A18164C0400BE4841 /* AppKit.framework */ = {isa = PBXFileReference; lastKnownFileType = wrapper.framework; name = AppKit.framework; path = System/Library/Frameworks/AppKit.framework; sourceTree = SDKROOT; };
		504A311B18164C0400BE4841 /* CoreData.framework */ = {isa = PBXFileReference; lastKnownFileType = wrapper.framework; name = CoreData.framework; path = System/Library/Frameworks/CoreData.framework; sourceTree = SDKROOT; };
		504A311C18164C0400BE4841 /* Foundation.framework */ = {isa = PBXFileReference; lastKnownFileType = wrapper.framework; name = Foundation.framework; path = System/Library/Frameworks/Foundation.framework; sourceTree = SDKROOT; };
		504A311F18164C0400BE4841 /* Keystats-Info.plist */ = {isa = PBXFileReference; lastKnownFileType = text.plist.xml; path = "Keystats-Info.plist"; sourceTree = "<group>"; };
		504A312118164C0400BE4841 /* en */ = {isa = PBXFileReference; lastKnownFileType = text.plist.strings; name = en; path = en.lproj/InfoPlist.strings; sourceTree = "<group>"; };
		504A312318164C0400BE4841 /* main.m */ = {isa = PBXFileReference; lastKnownFileType = sourcecode.c.objc; path = main.m; sourceTree = "<group>"; };
		504A312518164C0400BE4841 /* Keystats-Prefix.pch */ = {isa = PBXFileReference; lastKnownFileType = sourcecode.c.h; path = "Keystats-Prefix.pch"; sourceTree = "<group>"; };
		504A312718164C0400BE4841 /* en */ = {isa = PBXFileReference; lastKnownFileType = text.rtf; name = en; path = en.lproj/Credits.rtf; sourceTree = "<group>"; };
		504A312918164C0400BE4841 /* AppDelegate.h */ = {isa = PBXFileReference; lastKnownFileType = sourcecode.c.h; path = AppDelegate.h; sourceTree = "<group>"; };
		504A312A18164C0400BE4841 /* AppDelegate.m */ = {isa = PBXFileReference; lastKnownFileType = sourcecode.c.objc; path = AppDelegate.m; sourceTree = "<group>"; };
		504A312D18164C0400BE4841 /* Base */ = {isa = PBXFileReference; lastKnownFileType = file.xib; name = Base; path = Base.lproj/MainMenu.xib; sourceTree = "<group>"; };
		504A312F18164C0400BE4841 /* Images.xcassets */ = {isa = PBXFileReference; lastKnownFileType = folder.assetcatalog; path = Images.xcassets; sourceTree = "<group>"; };
		504A314C18164C3500BE4841 /* FMDatabase.h */ = {isa = PBXFileReference; fileEncoding = 4; lastKnownFileType = sourcecode.c.h; path = FMDatabase.h; sourceTree = "<group>"; };
		504A314D18164C3500BE4841 /* FMDatabase.m */ = {isa = PBXFileReference; fileEncoding = 4; lastKnownFileType = sourcecode.c.objc; path = FMDatabase.m; sourceTree = "<group>"; };
		504A314E18164C3500BE4841 /* FMDatabaseAdditions.h */ = {isa = PBXFileReference; fileEncoding = 4; lastKnownFileType = sourcecode.c.h; path = FMDatabaseAdditions.h; sourceTree = "<group>"; };
		504A314F18164C3500BE4841 /* FMDatabaseAdditions.m */ = {isa = PBXFileReference; fileEncoding = 4; lastKnownFileType = sourcecode.c.objc; path = FMDatabaseAdditions.m; sourceTree = "<group>"; };
		504A315018164C3500BE4841 /* FMDatabasePool.h */ = {isa = PBXFileReference; fileEncoding = 4; lastKnownFileType = sourcecode.c.h; path = FMDatabasePool.h; sourceTree = "<group>"; };
		504A315118164C3500BE4841 /* FMDatabasePool.m */ = {isa = PBXFileReference; fileEncoding = 4; lastKnownFileType = sourcecode.c.objc; path = FMDatabasePool.m; sourceTree = "<group>"; };
		504A315218164C3500BE4841 /* FMDatabaseQueue.h */ = {isa = PBXFileReference; fileEncoding = 4; lastKnownFileType = sourcecode.c.h; path = FMDatabaseQueue.h; sourceTree = "<group>"; };
		504A315318164C3500BE4841 /* FMDatabaseQueue.m */ = {isa = PBXFileReference; fileEncoding = 4; lastKnownFileType = sourcecode.c.objc; path = FMDatabaseQueue.m; sourceTree = "<group>"; };
		504A315418164C3500BE4841 /* FMResultSet.h */ = {isa = PBXFileReference; fileEncoding = 4; lastKnownFileType = sourcecode.c.h; path = FMResultSet.h; sourceTree = "<group>"; };
		504A315518164C3500BE4841 /* FMResultSet.m */ = {isa = PBXFileReference; fileEncoding = 4; lastKnownFileType = sourcecode.c.objc; path = FMResultSet.m; sourceTree = "<group>"; };
		504A315F18164C7200BE4841 /* keystrokes */ = {isa = PBXFileReference; lastKnownFileType = file; path = keystrokes; sourceTree = "<group>"; };
		504A316118164C9700BE4841 /* Carbon.framework */ = {isa = PBXFileReference; lastKnownFileType = wrapper.framework; name = Carbon.framework; path = System/Library/Frameworks/Carbon.framework; sourceTree = SDKROOT; };
		504C0D2E1A2B02C8008AF66A /* FMDB.h */ = {isa = PBXFileReference; lastKnownFileType = sourcecode.c.h; path = FMDB.h; sourceTree = "<group>"; };
		505E323B181D530000FD6CDF /* YVBKeyLogger.h */ = {isa = PBXFileReference; fileEncoding = 4; lastKnownFileType = sourcecode.c.h; path = YVBKeyLogger.h; sourceTree = "<group>"; };
		505E323C181D530000FD6CDF /* YVBKeyLogger.m */ = {isa = PBXFileReference; fileEncoding = 4; lastKnownFileType = sourcecode.c.objc; path = YVBKeyLogger.m; sourceTree = "<group>"; };
		508A3FC11AA19FA600EC872F /* NSDate+Utilities.h */ = {isa = PBXFileReference; fileEncoding = 4; lastKnownFileType = sourcecode.c.h; path = "NSDate+Utilities.h"; sourceTree = "<group>"; };
		508A3FC21AA19FA600EC872F /* NSDate+Utilities.m */ = {isa = PBXFileReference; fileEncoding = 4; lastKnownFileType = sourcecode.c.objc; path = "NSDate+Utilities.m"; sourceTree = "<group>"; };
		50937AAA18223755000F1685 /* YVBKeystrokesDataManager.h */ = {isa = PBXFileReference; fileEncoding = 4; lastKnownFileType = sourcecode.c.h; path = YVBKeystrokesDataManager.h; sourceTree = "<group>"; };
		50937AAB18223755000F1685 /* YVBKeystrokesDataManager.m */ = {isa = PBXFileReference; fileEncoding = 4; lastKnownFileType = sourcecode.c.objc; path = YVBKeystrokesDataManager.m; sourceTree = "<group>"; };
		50A5F17E186EA7C600C9A994 /* YVBDailyExecutor.h */ = {isa = PBXFileReference; fileEncoding = 4; lastKnownFileType = sourcecode.c.h; path = YVBDailyExecutor.h; sourceTree = "<group>"; };
		50A5F17F186EA7C600C9A994 /* YVBDailyExecutor.m */ = {isa = PBXFileReference; fileEncoding = 4; lastKnownFileType = sourcecode.c.objc; path = YVBDailyExecutor.m; sourceTree = "<group>"; };
		50C386F21AA4164E001497B3 /* KeystatsTests.xctest */ = {isa = PBXFileReference; explicitFileType = wrapper.cfbundle; includeInIndex = 0; path = KeystatsTests.xctest; sourceTree = BUILT_PRODUCTS_DIR; };
		50C386F51AA4164E001497B3 /* Info.plist */ = {isa = PBXFileReference; lastKnownFileType = text.plist.xml; path = Info.plist; sourceTree = "<group>"; };
		50C386F61AA4164E001497B3 /* KeystatsTests.m */ = {isa = PBXFileReference; lastKnownFileType = sourcecode.c.objc; path = KeystatsTests.m; sourceTree = "<group>"; };
		50C386FE1AA41816001497B3 /* YVBUtilitesTests.m */ = {isa = PBXFileReference; fileEncoding = 4; lastKnownFileType = sourcecode.c.objc; path = YVBUtilitesTests.m; sourceTree = "<group>"; };
		50C387001AA41875001497B3 /* YVBUtilities.h */ = {isa = PBXFileReference; fileEncoding = 4; lastKnownFileType = sourcecode.c.h; path = YVBUtilities.h; sourceTree = "<group>"; };
		50C387011AA41875001497B3 /* YVBUtilities.m */ = {isa = PBXFileReference; fileEncoding = 4; lastKnownFileType = sourcecode.c.objc; path = YVBUtilities.m; sourceTree = "<group>"; };
		50E73463186F76F80031095F /* Keystats.iconset */ = {isa = PBXFileReference; lastKnownFileType = folder.iconset; path = Keystats.iconset; sourceTree = "<group>"; };
		50E9A0C6187D1DA90085ECBB /* YVBKeystrokesSummaryViewController.h */ = {isa = PBXFileReference; fileEncoding = 4; lastKnownFileType = sourcecode.c.h; path = YVBKeystrokesSummaryViewController.h; sourceTree = "<group>"; };
		50E9A0C7187D1DA90085ECBB /* YVBKeystrokesSummaryViewController.m */ = {isa = PBXFileReference; fileEncoding = 4; lastKnownFileType = sourcecode.c.objc; path = YVBKeystrokesSummaryViewController.m; sourceTree = "<group>"; };
		50E9A0C9187D25F70085ECBB /* YVBKeystrokesSummaryView.xib */ = {isa = PBXFileReference; fileEncoding = 4; lastKnownFileType = file.xib; path = YVBKeystrokesSummaryView.xib; sourceTree = "<group>"; };
/* End PBXFileReference section */

/* Begin PBXFrameworksBuildPhase section */
		504A311118164C0400BE4841 /* Frameworks */ = {
			isa = PBXFrameworksBuildPhase;
			buildActionMask = 2147483647;
			files = (
				501FF8F51A27A3960013493A /* QuartzCore.framework in Frameworks */,
				504A316218164C9700BE4841 /* Carbon.framework in Frameworks */,
				181D5C2125F354CD00533D7B /* CorePlot.framework in Frameworks */,
				504A311818164C0400BE4841 /* Cocoa.framework in Frameworks */,
			);
			runOnlyForDeploymentPostprocessing = 0;
		};
		50C386EF1AA4164E001497B3 /* Frameworks */ = {
			isa = PBXFrameworksBuildPhase;
			buildActionMask = 2147483647;
			files = (
				181D5C1725F3524A00533D7B /* CorePlot.framework in Frameworks */,
			);
			runOnlyForDeploymentPostprocessing = 0;
		};
/* End PBXFrameworksBuildPhase section */

/* Begin PBXGroup section */
		504A310B18164C0400BE4841 = {
			isa = PBXGroup;
			children = (
				504A315B18164C6100BE4841 /* KeyLogger */,
				504A311D18164C0400BE4841 /* Keystats */,
				504A314B18164C3500BE4841 /* FMDB */,
				50C386F31AA4164E001497B3 /* KeystatsTests */,
				504A311618164C0400BE4841 /* Frameworks */,
				504A311518164C0400BE4841 /* Products */,
			);
			sourceTree = "<group>";
		};
		504A311518164C0400BE4841 /* Products */ = {
			isa = PBXGroup;
			children = (
				504A311418164C0400BE4841 /* Keystats.app */,
				50C386F21AA4164E001497B3 /* KeystatsTests.xctest */,
			);
			name = Products;
			sourceTree = "<group>";
		};
		504A311618164C0400BE4841 /* Frameworks */ = {
			isa = PBXGroup;
			children = (
				509B2CEA1A32DF100054AFF9 /* Vendor */,
				501FF8F41A27A3960013493A /* QuartzCore.framework */,
				504A316118164C9700BE4841 /* Carbon.framework */,
				504A311718164C0400BE4841 /* Cocoa.framework */,
				504A311918164C0400BE4841 /* Other Frameworks */,
			);
			name = Frameworks;
			sourceTree = "<group>";
		};
		504A311918164C0400BE4841 /* Other Frameworks */ = {
			isa = PBXGroup;
			children = (
				504A311A18164C0400BE4841 /* AppKit.framework */,
				504A311B18164C0400BE4841 /* CoreData.framework */,
				504A311C18164C0400BE4841 /* Foundation.framework */,
			);
			name = "Other Frameworks";
			sourceTree = "<group>";
		};
		504A311D18164C0400BE4841 /* Keystats */ = {
			isa = PBXGroup;
			children = (
				504A312918164C0400BE4841 /* AppDelegate.h */,
				504A312A18164C0400BE4841 /* AppDelegate.m */,
				50A5F17E186EA7C600C9A994 /* YVBDailyExecutor.h */,
				50A5F17F186EA7C600C9A994 /* YVBDailyExecutor.m */,
				50E9A0C6187D1DA90085ECBB /* YVBKeystrokesSummaryViewController.h */,
				50E9A0C7187D1DA90085ECBB /* YVBKeystrokesSummaryViewController.m */,
				508A3FC11AA19FA600EC872F /* NSDate+Utilities.h */,
				508A3FC21AA19FA600EC872F /* NSDate+Utilities.m */,
				50C387001AA41875001497B3 /* YVBUtilities.h */,
				50C387011AA41875001497B3 /* YVBUtilities.m */,
				503162F122C69FAF0044907E /* SettingsViewController.h */,
				503162F222C69FAF0044907E /* SettingsViewController.m */,
				503162F622C6B6230044907E /* KeystatsSettings.h */,
				503162F722C6B6230044907E /* KeystatsSettings.m */,
				503162F322C69FAF0044907E /* SettingsViewController.xib */,
				50E9A0C9187D25F70085ECBB /* YVBKeystrokesSummaryView.xib */,
				504A312C18164C0400BE4841 /* MainMenu.xib */,
				504A312F18164C0400BE4841 /* Images.xcassets */,
				504A311E18164C0400BE4841 /* Supporting Files */,
			);
			path = Keystats;
			sourceTree = "<group>";
		};
		504A311E18164C0400BE4841 /* Supporting Files */ = {
			isa = PBXGroup;
			children = (
				50D46E05186D5B820049F333 /* Icons */,
				504A315F18164C7200BE4841 /* keystrokes */,
				504A311F18164C0400BE4841 /* Keystats-Info.plist */,
				504A312018164C0400BE4841 /* InfoPlist.strings */,
				504A312318164C0400BE4841 /* main.m */,
				504A312518164C0400BE4841 /* Keystats-Prefix.pch */,
				504A312618164C0400BE4841 /* Credits.rtf */,
			);
			name = "Supporting Files";
			sourceTree = "<group>";
		};
		504A314B18164C3500BE4841 /* FMDB */ = {
			isa = PBXGroup;
			children = (
				504C0D2E1A2B02C8008AF66A /* FMDB.h */,
				504A314C18164C3500BE4841 /* FMDatabase.h */,
				504A314D18164C3500BE4841 /* FMDatabase.m */,
				504A314E18164C3500BE4841 /* FMDatabaseAdditions.h */,
				504A314F18164C3500BE4841 /* FMDatabaseAdditions.m */,
				504A315018164C3500BE4841 /* FMDatabasePool.h */,
				504A315118164C3500BE4841 /* FMDatabasePool.m */,
				504A315218164C3500BE4841 /* FMDatabaseQueue.h */,
				504A315318164C3500BE4841 /* FMDatabaseQueue.m */,
				504A315418164C3500BE4841 /* FMResultSet.h */,
				504A315518164C3500BE4841 /* FMResultSet.m */,
			);
			path = FMDB;
			sourceTree = "<group>";
		};
		504A315B18164C6100BE4841 /* KeyLogger */ = {
			isa = PBXGroup;
			children = (
				505E323B181D530000FD6CDF /* YVBKeyLogger.h */,
				505E323C181D530000FD6CDF /* YVBKeyLogger.m */,
				50937AAA18223755000F1685 /* YVBKeystrokesDataManager.h */,
				50937AAB18223755000F1685 /* YVBKeystrokesDataManager.m */,
			);
			path = KeyLogger;
			sourceTree = "<group>";
		};
		509B2CEA1A32DF100054AFF9 /* Vendor */ = {
			isa = PBXGroup;
			children = (
				181D5C1525F3524A00533D7B /* CorePlot.framework */,
			);
			path = Vendor;
			sourceTree = "<group>";
		};
		50C386F31AA4164E001497B3 /* KeystatsTests */ = {
			isa = PBXGroup;
			children = (
				5039F2F71870D65200D73FBB /* YVBKeystrokesDataManagerTests.m */,
				50C386FE1AA41816001497B3 /* YVBUtilitesTests.m */,
				50C386F61AA4164E001497B3 /* KeystatsTests.m */,
				50C386F41AA4164E001497B3 /* Supporting Files */,
			);
			path = KeystatsTests;
			sourceTree = "<group>";
		};
		50C386F41AA4164E001497B3 /* Supporting Files */ = {
			isa = PBXGroup;
			children = (
				50C386F51AA4164E001497B3 /* Info.plist */,
			);
			name = "Supporting Files";
			sourceTree = "<group>";
		};
		50D46E05186D5B820049F333 /* Icons */ = {
			isa = PBXGroup;
			children = (
				50E73463186F76F80031095F /* Keystats.iconset */,
			);
			name = Icons;
			sourceTree = "<group>";
		};
/* End PBXGroup section */

/* Begin PBXNativeTarget section */
		504A311318164C0400BE4841 /* Keystats */ = {
			isa = PBXNativeTarget;
			buildConfigurationList = 504A314518164C0400BE4841 /* Build configuration list for PBXNativeTarget "Keystats" */;
			buildPhases = (
				504A311018164C0400BE4841 /* Sources */,
				504A311118164C0400BE4841 /* Frameworks */,
				504A311218164C0400BE4841 /* Resources */,
				5039F2FB1871126A00D73FBB /* ShellScript */,
				506022611A2A5EA40006C9F9 /* CopyFiles */,
			);
			buildRules = (
			);
			dependencies = (
			);
			name = Keystats;
			productName = Keystats;
			productReference = 504A311418164C0400BE4841 /* Keystats.app */;
			productType = "com.apple.product-type.application";
		};
		50C386F11AA4164E001497B3 /* KeystatsTests */ = {
			isa = PBXNativeTarget;
			buildConfigurationList = 50C386FC1AA4164E001497B3 /* Build configuration list for PBXNativeTarget "KeystatsTests" */;
			buildPhases = (
				50C386EE1AA4164E001497B3 /* Sources */,
				50C386EF1AA4164E001497B3 /* Frameworks */,
				50C386F01AA4164E001497B3 /* Resources */,
			);
			buildRules = (
			);
			dependencies = (
				50C386F91AA4164E001497B3 /* PBXTargetDependency */,
			);
			name = KeystatsTests;
			productName = KeystatsTests;
			productReference = 50C386F21AA4164E001497B3 /* KeystatsTests.xctest */;
			productType = "com.apple.product-type.bundle.unit-test";
		};
/* End PBXNativeTarget section */

/* Begin PBXProject section */
		504A310C18164C0400BE4841 /* Project object */ = {
			isa = PBXProject;
			attributes = {
				LastUpgradeCheck = 1240;
				ORGANIZATIONNAME = "Yoshiki Vázquez Baeza";
				TargetAttributes = {
					50C386F11AA4164E001497B3 = {
						CreatedOnToolsVersion = 6.1.1;
						TestTargetID = 504A311318164C0400BE4841;
					};
				};
			};
			buildConfigurationList = 504A310F18164C0400BE4841 /* Build configuration list for PBXProject "Keystats" */;
			compatibilityVersion = "Xcode 3.2";
			developmentRegion = en;
			hasScannedForEncodings = 0;
			knownRegions = (
				en,
				Base,
			);
			mainGroup = 504A310B18164C0400BE4841;
			productRefGroup = 504A311518164C0400BE4841 /* Products */;
			projectDirPath = "";
			projectRoot = "";
			targets = (
				504A311318164C0400BE4841 /* Keystats */,
				50C386F11AA4164E001497B3 /* KeystatsTests */,
			);
		};
/* End PBXProject section */

/* Begin PBXResourcesBuildPhase section */
		504A311218164C0400BE4841 /* Resources */ = {
			isa = PBXResourcesBuildPhase;
			buildActionMask = 2147483647;
			files = (
				509B87721A33114D00CEE098 /* MainMenu.xib in Resources */,
				503162F522C69FAF0044907E /* SettingsViewController.xib in Resources */,
				504A316018164C7200BE4841 /* keystrokes in Resources */,
				50E73464186F76F80031095F /* Keystats.iconset in Resources */,
				504A312218164C0400BE4841 /* InfoPlist.strings in Resources */,
				504A313018164C0400BE4841 /* Images.xcassets in Resources */,
				504A312818164C0400BE4841 /* Credits.rtf in Resources */,
				50E9A0CA187D25F70085ECBB /* YVBKeystrokesSummaryView.xib in Resources */,
			);
			runOnlyForDeploymentPostprocessing = 0;
		};
		50C386F01AA4164E001497B3 /* Resources */ = {
			isa = PBXResourcesBuildPhase;
			buildActionMask = 2147483647;
			files = (
			);
			runOnlyForDeploymentPostprocessing = 0;
		};
/* End PBXResourcesBuildPhase section */

/* Begin PBXShellScriptBuildPhase section */
		5039F2FB1871126A00D73FBB /* ShellScript */ = {
			isa = PBXShellScriptBuildPhase;
			buildActionMask = 2147483647;
			files = (
			);
			inputPaths = (
			);
			outputPaths = (
			);
			runOnlyForDeploymentPostprocessing = 0;
			shellPath = "/usr/bin/env bash";
			shellScript = "# Retrieve the current SHA of the repository and write it to the plist file\n# Author: Yoshiki Vazquez Baeza\n\n# PROJECT_DIR points to the location of the .xcodeproj file\nPROJECT_DIR=\"${PROJECT_DIR}/.git\"\nPLIST_PATH=\"${BUILT_PRODUCTS_DIR}/${WRAPPER_NAME}/Contents/Info.plist\"\necho $PLIST_PATH\necho \"********\"\n\n# first seven chars of the git SHA\nGIT_SHA=$(git --git-dir \"${PROJECT_DIR}\" rev-parse --short HEAD)\n\n# current status\nGIT_STATUS=$(git --git-dir \"${PROJECT_DIR}\" diff --shortstat | wc -l)\n\n# current branch\nGIT_BRANCH=$(git --git-dir \"${PROJECT_DIR}\" rev-parse --abbrev-ref HEAD)\n\necho \"The current git SHA is ${GIT_SHA}\"\necho \"The repository has unstaged changes: ${GIT_STATUS}\"\necho \"The current working branch is ${GIT_BRANCH}\"\n\n# write the info into the plist file\ndefaults write ${PLIST_PATH} GitSHA ${GIT_SHA}\n\n# write a 1 to represent unstaged changes and 0 to represent a clean repo\ndefaults write ${PLIST_PATH} GitStatus ${GIT_STATUS}\n\n# write the current branch\ndefaults write ${PLIST_PATH} GitBranch ${GIT_BRANCH}\n";
		};
/* End PBXShellScriptBuildPhase section */

/* Begin PBXSourcesBuildPhase section */
		504A311018164C0400BE4841 /* Sources */ = {
			isa = PBXSourcesBuildPhase;
			buildActionMask = 2147483647;
			files = (
				504A315618164C3500BE4841 /* FMDatabase.m in Sources */,
				504A312B18164C0400BE4841 /* AppDelegate.m in Sources */,
				504A315A18164C3500BE4841 /* FMResultSet.m in Sources */,
				504A315818164C3500BE4841 /* FMDatabasePool.m in Sources */,
				50A5F180186EA7C600C9A994 /* YVBDailyExecutor.m in Sources */,
				50937AAC18223755000F1685 /* YVBKeystrokesDataManager.m in Sources */,
				50C387021AA41875001497B3 /* YVBUtilities.m in Sources */,
				504A312418164C0400BE4841 /* main.m in Sources */,
				508A3FC31AA19FA600EC872F /* NSDate+Utilities.m in Sources */,
				504A315718164C3500BE4841 /* FMDatabaseAdditions.m in Sources */,
				505E323D181D530000FD6CDF /* YVBKeyLogger.m in Sources */,
				503162F822C6B6230044907E /* KeystatsSettings.m in Sources */,
				50E9A0C8187D1DA90085ECBB /* YVBKeystrokesSummaryViewController.m in Sources */,
				504A315918164C3500BE4841 /* FMDatabaseQueue.m in Sources */,
				503162F422C69FAF0044907E /* SettingsViewController.m in Sources */,
			);
			runOnlyForDeploymentPostprocessing = 0;
		};
		50C386EE1AA4164E001497B3 /* Sources */ = {
			isa = PBXSourcesBuildPhase;
			buildActionMask = 2147483647;
			files = (
				50C3870B1AA45294001497B3 /* YVBKeystrokesDataManager.m in Sources */,
				50C3870A1AA45286001497B3 /* YVBUtilities.m in Sources */,
				50C387031AA45269001497B3 /* FMDatabase.m in Sources */,
				50C387041AA45269001497B3 /* FMDatabaseAdditions.m in Sources */,
				50C387051AA45269001497B3 /* FMDatabasePool.m in Sources */,
				50C387061AA45269001497B3 /* FMDatabaseQueue.m in Sources */,
				50C387071AA45269001497B3 /* FMResultSet.m in Sources */,
				50C386FD1AA4166A001497B3 /* YVBKeystrokesDataManagerTests.m in Sources */,
				50C386F71AA4164E001497B3 /* KeystatsTests.m in Sources */,
				50C386FF1AA41816001497B3 /* YVBUtilitesTests.m in Sources */,
			);
			runOnlyForDeploymentPostprocessing = 0;
		};
/* End PBXSourcesBuildPhase section */

/* Begin PBXTargetDependency section */
		50C386F91AA4164E001497B3 /* PBXTargetDependency */ = {
			isa = PBXTargetDependency;
			target = 504A311318164C0400BE4841 /* Keystats */;
			targetProxy = 50C386F81AA4164E001497B3 /* PBXContainerItemProxy */;
		};
/* End PBXTargetDependency section */

/* Begin PBXVariantGroup section */
		504A312018164C0400BE4841 /* InfoPlist.strings */ = {
			isa = PBXVariantGroup;
			children = (
				504A312118164C0400BE4841 /* en */,
			);
			name = InfoPlist.strings;
			sourceTree = "<group>";
		};
		504A312618164C0400BE4841 /* Credits.rtf */ = {
			isa = PBXVariantGroup;
			children = (
				504A312718164C0400BE4841 /* en */,
			);
			name = Credits.rtf;
			sourceTree = "<group>";
		};
		504A312C18164C0400BE4841 /* MainMenu.xib */ = {
			isa = PBXVariantGroup;
			children = (
				504A312D18164C0400BE4841 /* Base */,
			);
			name = MainMenu.xib;
			sourceTree = "<group>";
		};
/* End PBXVariantGroup section */

/* Begin XCBuildConfiguration section */
		504A314318164C0400BE4841 /* Debug */ = {
			isa = XCBuildConfiguration;
			buildSettings = {
				ALWAYS_SEARCH_USER_PATHS = NO;
				CLANG_ANALYZER_LOCALIZABILITY_NONLOCALIZED = YES;
				CLANG_CXX_LANGUAGE_STANDARD = "gnu++0x";
				CLANG_CXX_LIBRARY = "libc++";
				CLANG_ENABLE_OBJC_ARC = YES;
				CLANG_WARN_BLOCK_CAPTURE_AUTORELEASING = YES;
				CLANG_WARN_BOOL_CONVERSION = YES;
				CLANG_WARN_COMMA = YES;
				CLANG_WARN_CONSTANT_CONVERSION = YES;
				CLANG_WARN_DEPRECATED_OBJC_IMPLEMENTATIONS = YES;
				CLANG_WARN_DIRECT_OBJC_ISA_USAGE = YES_ERROR;
				CLANG_WARN_EMPTY_BODY = YES;
				CLANG_WARN_ENUM_CONVERSION = YES;
				CLANG_WARN_INFINITE_RECURSION = YES;
				CLANG_WARN_INT_CONVERSION = YES;
				CLANG_WARN_NON_LITERAL_NULL_CONVERSION = YES;
				CLANG_WARN_OBJC_IMPLICIT_RETAIN_SELF = YES;
				CLANG_WARN_OBJC_LITERAL_CONVERSION = YES;
				CLANG_WARN_OBJC_ROOT_CLASS = YES_ERROR;
				CLANG_WARN_QUOTED_INCLUDE_IN_FRAMEWORK_HEADER = YES;
				CLANG_WARN_RANGE_LOOP_ANALYSIS = YES;
				CLANG_WARN_STRICT_PROTOTYPES = YES;
				CLANG_WARN_SUSPICIOUS_MOVE = YES;
				CLANG_WARN_UNREACHABLE_CODE = YES;
				CLANG_WARN__DUPLICATE_METHOD_MATCH = YES;
				COPY_PHASE_STRIP = NO;
				ENABLE_STRICT_OBJC_MSGSEND = YES;
				ENABLE_TESTABILITY = YES;
				GCC_C_LANGUAGE_STANDARD = gnu99;
				GCC_DYNAMIC_NO_PIC = NO;
				GCC_ENABLE_OBJC_EXCEPTIONS = YES;
				GCC_NO_COMMON_BLOCKS = YES;
				GCC_OPTIMIZATION_LEVEL = 0;
				GCC_PREPROCESSOR_DEFINITIONS = (
					"DEBUG=1",
					"$(inherited)",
				);
				GCC_SYMBOLS_PRIVATE_EXTERN = NO;
				GCC_WARN_64_TO_32_BIT_CONVERSION = YES;
				GCC_WARN_ABOUT_RETURN_TYPE = YES_ERROR;
				GCC_WARN_UNDECLARED_SELECTOR = YES;
				GCC_WARN_UNINITIALIZED_AUTOS = YES;
				GCC_WARN_UNUSED_FUNCTION = YES;
				GCC_WARN_UNUSED_VARIABLE = YES;
				MACOSX_DEPLOYMENT_TARGET = 10.15;
				ONLY_ACTIVE_ARCH = YES;
				SDKROOT = macosx;
			};
			name = Debug;
		};
		504A314418164C0400BE4841 /* Release */ = {
			isa = XCBuildConfiguration;
			buildSettings = {
				ALWAYS_SEARCH_USER_PATHS = NO;
				CLANG_ANALYZER_LOCALIZABILITY_NONLOCALIZED = YES;
				CLANG_CXX_LANGUAGE_STANDARD = "gnu++0x";
				CLANG_CXX_LIBRARY = "libc++";
				CLANG_ENABLE_OBJC_ARC = YES;
				CLANG_WARN_BLOCK_CAPTURE_AUTORELEASING = YES;
				CLANG_WARN_BOOL_CONVERSION = YES;
				CLANG_WARN_COMMA = YES;
				CLANG_WARN_CONSTANT_CONVERSION = YES;
				CLANG_WARN_DEPRECATED_OBJC_IMPLEMENTATIONS = YES;
				CLANG_WARN_DIRECT_OBJC_ISA_USAGE = YES_ERROR;
				CLANG_WARN_EMPTY_BODY = YES;
				CLANG_WARN_ENUM_CONVERSION = YES;
				CLANG_WARN_INFINITE_RECURSION = YES;
				CLANG_WARN_INT_CONVERSION = YES;
				CLANG_WARN_NON_LITERAL_NULL_CONVERSION = YES;
				CLANG_WARN_OBJC_IMPLICIT_RETAIN_SELF = YES;
				CLANG_WARN_OBJC_LITERAL_CONVERSION = YES;
				CLANG_WARN_OBJC_ROOT_CLASS = YES_ERROR;
				CLANG_WARN_QUOTED_INCLUDE_IN_FRAMEWORK_HEADER = YES;
				CLANG_WARN_RANGE_LOOP_ANALYSIS = YES;
				CLANG_WARN_STRICT_PROTOTYPES = YES;
				CLANG_WARN_SUSPICIOUS_MOVE = YES;
				CLANG_WARN_UNREACHABLE_CODE = YES;
				CLANG_WARN__DUPLICATE_METHOD_MATCH = YES;
				COPY_PHASE_STRIP = YES;
				DEBUG_INFORMATION_FORMAT = "dwarf-with-dsym";
				ENABLE_NS_ASSERTIONS = NO;
				ENABLE_STRICT_OBJC_MSGSEND = YES;
				GCC_C_LANGUAGE_STANDARD = gnu99;
				GCC_ENABLE_OBJC_EXCEPTIONS = YES;
				GCC_NO_COMMON_BLOCKS = YES;
				GCC_WARN_64_TO_32_BIT_CONVERSION = YES;
				GCC_WARN_ABOUT_RETURN_TYPE = YES_ERROR;
				GCC_WARN_UNDECLARED_SELECTOR = YES;
				GCC_WARN_UNINITIALIZED_AUTOS = YES;
				GCC_WARN_UNUSED_FUNCTION = YES;
				GCC_WARN_UNUSED_VARIABLE = YES;
				MACOSX_DEPLOYMENT_TARGET = 10.15;
				ONLY_ACTIVE_ARCH = YES;
				SDKROOT = macosx;
			};
			name = Release;
		};
		504A314618164C0400BE4841 /* Debug */ = {
			isa = XCBuildConfiguration;
			buildSettings = {
				ASSETCATALOG_COMPILER_APPICON_NAME = AppIcon;
				CODE_SIGN_IDENTITY = "-";
				COMBINE_HIDPI_IMAGES = YES;
				FRAMEWORK_SEARCH_PATHS = (
					"$(inherited)",
					"$(PROJECT_DIR)",
					"$(USER_LIBRARY_DIR)/Developer/Xcode/DerivedData/Keystats-dkavtkgpljrrjzftadevfnmjgbtj/Build/Products/Release",
					"$(PROJECT_DIR)/Vendor/CorePlot",
					"$(PROJECT_DIR)/Vendor",
				);
				GCC_PRECOMPILE_PREFIX_HEADER = YES;
				GCC_PREFIX_HEADER = "Keystats/Keystats-Prefix.pch";
				INFOPLIST_FILE = "Keystats/Keystats-Info.plist";
				LD_RUNPATH_SEARCH_PATHS = "$(inherited) @executable_path/../Frameworks";
				LIBRARY_SEARCH_PATHS = (
					"$(inherited)",
					"$(PROJECT_DIR)",
				);
				MACOSX_DEPLOYMENT_TARGET = 10.9;
				OTHER_LDFLAGS = (
					"-ObjC",
					"-lsqlite3",
				);
				PRODUCT_BUNDLE_IDENTIFIER = "com.eldeveloper.$(PRODUCT_NAME:rfc1034identifier)";
				PRODUCT_NAME = "$(TARGET_NAME)";
				WRAPPER_EXTENSION = app;
			};
			name = Debug;
		};
		504A314718164C0400BE4841 /* Release */ = {
			isa = XCBuildConfiguration;
			buildSettings = {
				ASSETCATALOG_COMPILER_APPICON_NAME = AppIcon;
				CODE_SIGN_IDENTITY = "-";
				COMBINE_HIDPI_IMAGES = YES;
				FRAMEWORK_SEARCH_PATHS = (
					"$(inherited)",
					"$(PROJECT_DIR)",
					"$(USER_LIBRARY_DIR)/Developer/Xcode/DerivedData/Keystats-dkavtkgpljrrjzftadevfnmjgbtj/Build/Products/Release",
					"$(PROJECT_DIR)/Vendor/CorePlot",
					"$(PROJECT_DIR)/Vendor",
				);
				GCC_PRECOMPILE_PREFIX_HEADER = YES;
				GCC_PREFIX_HEADER = "Keystats/Keystats-Prefix.pch";
				INFOPLIST_FILE = "Keystats/Keystats-Info.plist";
				LD_RUNPATH_SEARCH_PATHS = "$(inherited) @executable_path/../Frameworks";
				LIBRARY_SEARCH_PATHS = (
					"$(inherited)",
					"$(PROJECT_DIR)",
				);
				MACOSX_DEPLOYMENT_TARGET = 10.9;
				OTHER_LDFLAGS = (
					"-ObjC",
					"-lsqlite3",
				);
				PRODUCT_BUNDLE_IDENTIFIER = "com.eldeveloper.$(PRODUCT_NAME:rfc1034identifier)";
				PRODUCT_NAME = "$(TARGET_NAME)";
				WRAPPER_EXTENSION = app;
			};
			name = Release;
		};
		50C386FA1AA4164E001497B3 /* Debug */ = {
			isa = XCBuildConfiguration;
			buildSettings = {
				BUNDLE_LOADER = "$(TEST_HOST)";
				CLANG_ENABLE_MODULES = YES;
				CLANG_WARN_UNREACHABLE_CODE = YES;
				COMBINE_HIDPI_IMAGES = YES;
				ENABLE_STRICT_OBJC_MSGSEND = YES;
				FRAMEWORK_SEARCH_PATHS = (
					"$(DEVELOPER_FRAMEWORKS_DIR)",
					"$(inherited)",
					"$(PROJECT_DIR)/Vendor/CorePlot",
					"$(PROJECT_DIR)",
					"$(PROJECT_DIR)/Vendor",
				);
				GCC_PREPROCESSOR_DEFINITIONS = (
					"DEBUG=1",
					"$(inherited)",
				);
				GCC_WARN_UNINITIALIZED_AUTOS = YES_AGGRESSIVE;
				INFOPLIST_FILE = KeystatsTests/Info.plist;
				LD_RUNPATH_SEARCH_PATHS = "$(inherited) @executable_path/../Frameworks @loader_path/../Frameworks";
				LIBRARY_SEARCH_PATHS = (
					"$(inherited)",
					"$(PROJECT_DIR)",
				);
				MACOSX_DEPLOYMENT_TARGET = 10.10;
				MTL_ENABLE_DEBUG_INFO = YES;
				PRODUCT_BUNDLE_IDENTIFIER = "com.eldeveloper.yoshiki.$(PRODUCT_NAME:rfc1034identifier)";
				PRODUCT_NAME = "$(TARGET_NAME)";
				TEST_HOST = "$(BUILT_PRODUCTS_DIR)/Keystats.app/Contents/MacOS/Keystats";
			};
			name = Debug;
		};
		50C386FB1AA4164E001497B3 /* Release */ = {
			isa = XCBuildConfiguration;
			buildSettings = {
				BUNDLE_LOADER = "$(TEST_HOST)";
				CLANG_ENABLE_MODULES = YES;
				CLANG_WARN_UNREACHABLE_CODE = YES;
				COMBINE_HIDPI_IMAGES = YES;
				COPY_PHASE_STRIP = NO;
				ENABLE_STRICT_OBJC_MSGSEND = YES;
				FRAMEWORK_SEARCH_PATHS = (
					"$(DEVELOPER_FRAMEWORKS_DIR)",
					"$(inherited)",
					"$(PROJECT_DIR)/Vendor/CorePlot",
					"$(PROJECT_DIR)",
					"$(PROJECT_DIR)/Vendor",
				);
				GCC_WARN_UNINITIALIZED_AUTOS = YES_AGGRESSIVE;
				INFOPLIST_FILE = KeystatsTests/Info.plist;
				LD_RUNPATH_SEARCH_PATHS = "$(inherited) @executable_path/../Frameworks @loader_path/../Frameworks";
				LIBRARY_SEARCH_PATHS = (
					"$(inherited)",
					"$(PROJECT_DIR)",
				);
				MACOSX_DEPLOYMENT_TARGET = 10.10;
				MTL_ENABLE_DEBUG_INFO = NO;
				PRODUCT_BUNDLE_IDENTIFIER = "com.eldeveloper.yoshiki.$(PRODUCT_NAME:rfc1034identifier)";
				PRODUCT_NAME = "$(TARGET_NAME)";
				TEST_HOST = "$(BUILT_PRODUCTS_DIR)/Keystats.app/Contents/MacOS/Keystats";
			};
			name = Release;
		};
/* End XCBuildConfiguration section */

/* Begin XCConfigurationList section */
		504A310F18164C0400BE4841 /* Build configuration list for PBXProject "Keystats" */ = {
			isa = XCConfigurationList;
			buildConfigurations = (
				504A314318164C0400BE4841 /* Debug */,
				504A314418164C0400BE4841 /* Release */,
			);
			defaultConfigurationIsVisible = 0;
			defaultConfigurationName = Release;
		};
		504A314518164C0400BE4841 /* Build configuration list for PBXNativeTarget "Keystats" */ = {
			isa = XCConfigurationList;
			buildConfigurations = (
				504A314618164C0400BE4841 /* Debug */,
				504A314718164C0400BE4841 /* Release */,
			);
			defaultConfigurationIsVisible = 0;
			defaultConfigurationName = Release;
		};
		50C386FC1AA4164E001497B3 /* Build configuration list for PBXNativeTarget "KeystatsTests" */ = {
			isa = XCConfigurationList;
			buildConfigurations = (
				50C386FA1AA4164E001497B3 /* Debug */,
				50C386FB1AA4164E001497B3 /* Release */,
			);
			defaultConfigurationIsVisible = 0;
			defaultConfigurationName = Release;
		};
/* End XCConfigurationList section */
	};
	rootObject = 504A310C18164C0400BE4841 /* Project object */;
}
